
Microsoft Visual Studio Solution File, Format Version 12.00
# Visual Studio Version 17
VisualStudioVersion = 17.9.34616.47
MinimumVisualStudioVersion = 10.0.40219.1
Project("{8BC9CEB8-8B4A-11D0-8D11-00A0C91BC942}") = "LR1", "LR1\LR1.vcxproj", "{7B67DF69-074D-4983-990A-CB0829D34CB9}"
EndProject
Project("{8BC9CEB8-8B4A-11D0-8D11-00A0C91BC942}") = "Sorting", "Sorting\Sorting.vcxproj", "{A0D17CED-8C51-4783-B289-0F6CC0263672}"
EndProject
Project("{8BC9CEB8-8B4A-11D0-8D11-00A0C91BC942}") = "test1", "test1\test1.vcxproj", "{A940AFAA-4E35-4FC3-8128-92FF3DD5267F}"
EndProject
Global
	GlobalSection(SolutionConfigurationPlatforms) = preSolution
		Debug|x64 = Debug|x64
		Debug|x86 = Debug|x86
		Release|x64 = Release|x64
		Release|x86 = Release|x86
	EndGlobalSection
	GlobalSection(ProjectConfigurationPlatforms) = postSolution
		{7B67DF69-074D-4983-990A-CB0829D34CB9}.Debug|x64.ActiveCfg = Debug|x64
		{7B67DF69-074D-4983-990A-CB0829D34CB9}.Debug|x64.Build.0 = Debug|x64
		{7B67DF69-074D-4983-990A-CB0829D34CB9}.Debug|x86.ActiveCfg = Debug|Win32
		{7B67DF69-074D-4983-990A-CB0829D34CB9}.Debug|x86.Build.0 = Debug|Win32
		{7B67DF69-074D-4983-990A-CB0829D34CB9}.Release|x64.ActiveCfg = Release|x64
		{7B67DF69-074D-4983-990A-CB0829D34CB9}.Release|x64.Build.0 = Release|x64
		{7B67DF69-074D-4983-990A-CB0829D34CB9}.Release|x86.ActiveCfg = Release|Win32
		{7B67DF69-074D-4983-990A-CB0829D34CB9}.Release|x86.Build.0 = Release|Win32
		{A0D17CED-8C51-4783-B289-0F6CC0263672}.Debug|x64.ActiveCfg = Debug|x64
		{A0D17CED-8C51-4783-B289-0F6CC0263672}.Debug|x64.Build.0 = Debug|x64
		{A0D17CED-8C51-4783-B289-0F6CC0263672}.Debug|x86.ActiveCfg = Debug|Win32
		{A0D17CED-8C51-4783-B289-0F6CC0263672}.Debug|x86.Build.0 = Debug|Win32
		{A0D17CED-8C51-4783-B289-0F6CC0263672}.Release|x64.ActiveCfg = Release|x64
		{A0D17CED-8C51-4783-B289-0F6CC0263672}.Release|x64.Build.0 = Release|x64
		{A0D17CED-8C51-4783-B289-0F6CC0263672}.Release|x86.ActiveCfg = Release|Win32
		{A0D17CED-8C51-4783-B289-0F6CC0263672}.Release|x86.Build.0 = Release|Win32
		{A940AFAA-4E35-4FC3-8128-92FF3DD5267F}.Debug|x64.ActiveCfg = Debug|x64
		{A940AFAA-4E35-4FC3-8128-92FF3DD5267F}.Debug|x64.Build.0 = Debug|x64
		{A940AFAA-4E35-4FC3-8128-92FF3DD5267F}.Debug|x86.ActiveCfg = Debug|Win32
		{A940AFAA-4E35-4FC3-8128-92FF3DD5267F}.Debug|x86.Build.0 = Debug|Win32
		{A940AFAA-4E35-4FC3-8128-92FF3DD5267F}.Release|x64.ActiveCfg = Release|x64
		{A940AFAA-4E35-4FC3-8128-92FF3DD5267F}.Release|x64.Build.0 = Release|x64
		{A940AFAA-4E35-4FC3-8128-92FF3DD5267F}.Release|x86.ActiveCfg = Release|Win32
		{A940AFAA-4E35-4FC3-8128-92FF3DD5267F}.Release|x86.Build.0 = Release|Win32
	EndGlobalSection
	GlobalSection(SolutionProperties) = preSolution
		HideSolutionNode = FALSE
	EndGlobalSection
	GlobalSection(ExtensibilityGlobals) = postSolution
		SolutionGuid = {3BA6C575-4408-4D11-AAF6-3C1AF92682F3}
	EndGlobalSection
EndGlobal
